
Microsoft Visual Studio Solution File, Format Version 12.00
# Visual Studio Version 17
VisualStudioVersion = 17.0.31912.275
MinimumVisualStudioVersion = 10.0.40219.1
Project("{9A19103F-16F7-4668-BE54-9A1E7A4F7556}") = "Test", "Test\Test.csproj", "{CE607BEA-F7B1-4EB0-9328-D334FBAFF691}"
EndProject
Project("{9A19103F-16F7-4668-BE54-9A1E7A4F7556}") = "Prevu.Drawings", "Prevu.Drawings\Prevu.Drawings.csproj", "{2997B5EF-3104-4F07-BC50-88713C921D50}"
EndProject
Project("{9A19103F-16F7-4668-BE54-9A1E7A4F7556}") = "Prevu.Localization", "Prevu.Localization\Prevu.Localization.csproj", "{CF0E14EF-F4C7-4931-9C95-39884D0C4DB8}"
EndProject
Project("{2150E333-8FDC-42A3-9474-1A3956D46DE8}") = "Misc", "Misc", "{62D73F27-D0E0-4918-B516-B382451574E6}"
EndProject
Project("{2150E333-8FDC-42A3-9474-1A3956D46DE8}") = "Synoptics", "Synoptics", "{D7EF89DA-BE78-4E42-AC10-3CB4ABF7C5A5}"
EndProject
Project("{9A19103F-16F7-4668-BE54-9A1E7A4F7556}") = "Prevu.Synoptics", "Prevu.Synoptics\Prevu.Synoptics.csproj", "{834B1FDB-28F8-4766-BA65-D082F9CDA6DD}"
EndProject
Project("{2150E333-8FDC-42A3-9474-1A3956D46DE8}") = "Solution Items", "Solution Items", "{1DB13EEF-4F3B-4D00-A9F6-09A5CE9CDC8C}"
	ProjectSection(SolutionItems) = preProject
		How to create, update and load Project Template.txt = How to create, update and load Project Template.txt
	EndProjectSection
EndProject
Project("{9A19103F-16F7-4668-BE54-9A1E7A4F7556}") = "Prevu.Synoptics.P1010", "Prevu.Synoptics.P1010\Prevu.Synoptics.P1010.csproj", "{1919418F-8835-4823-BE06-8BFA1D9ADD19}"
EndProject
Project("{9A19103F-16F7-4668-BE54-9A1E7A4F7556}") = "Prevu.Synoptics.P1023_ALZATE", "Prevu.Synoptics.P1023_ALZATE\Prevu.Synoptics.P1023_ALZATE.csproj", "{50A5CC5E-4B3D-4A81-9C5D-85F4E89AACBE}"
EndProject
Project("{9A19103F-16F7-4668-BE54-9A1E7A4F7556}") = "Prevu.Synoptics.V2451_Biffa", "Prevu.Synoptics.V2451_Biffa\Prevu.Synoptics.V2451_Biffa.csproj", "{7484D60B-FA83-4318-828A-0630D04B09C6}"
EndProject
Project("{9A19103F-16F7-4668-BE54-9A1E7A4F7556}") = "Prevu.Synoptics.V2932_Infinya", "Prevu.Synoptics.V2932_Infinya\Prevu.Synoptics.V2932_Infinya.csproj", "{774620E1-BFD7-4155-9943-149FCB0C9B8E}"
EndProject
Project("{9A19103F-16F7-4668-BE54-9A1E7A4F7556}") = "Prevu.Synoptics.V2048-ReCiclar_CMF", "Prevu.Synoptics.V2048-ReCiclar_CMF\Prevu.Synoptics.V2048-ReCiclar_CMF.csproj", "{47BC6000-D2BC-4C7D-A94F-ECFA2B134FA6}"
EndProject
Project("{9A19103F-16F7-4668-BE54-9A1E7A4F7556}") = "Prevu.Synoptics.V3001-COVERIS", "Prevu.Synoptics.V3001-COVERIS\Prevu.Synoptics.V3001-COVERIS.csproj", "{B6946074-B1E2-451E-8358-E53137086E92}"
EndProject
Project("{9A19103F-16F7-4668-BE54-9A1E7A4F7556}") = "Prevu.Synoptics.V2502_Polymer_Processor", "Prevu.Synoptics.V2502_Polymer_Processor\Prevu.Synoptics.V2502_Polymer_Processor.csproj", "{D559562B-5608-4B90-86F8-4E4142F1B02D}"
EndProject
Project("{9A19103F-16F7-4668-BE54-9A1E7A4F7556}") = "Prevu.Synoptics.V3085_Anviplas", "Prevu.Synoptics.V3085_Anviplas\Prevu.Synoptics.V3085_Anviplas.csproj", "{64C6E1CB-2D82-42D1-9858-C902C125DAE5}"
EndProject
Project("{9A19103F-16F7-4668-BE54-9A1E7A4F7556}") = "Prevu.Synoptics.V3168_Sirplaste", "Prevu.Synoptics.V3168_Sirplaste\Prevu.Synoptics.V3168_Sirplaste.csproj", "{6D3CAB95-4300-4E21-A69E-7AE100FBE75C}"
EndProject
Project("{9A19103F-16F7-4668-BE54-9A1E7A4F7556}") = "Prevu.Synoptics.V3510_Greentech_Romania", "Prevu.Synoptics.V3510_Greentech_Romania\Prevu.Synoptics.V3510_Greentech_Romania.csproj", "{2A892970-6823-499E-8C4D-A638AA4BC97E}"
EndProject
Project("{9A19103F-16F7-4668-BE54-9A1E7A4F7556}") = "Prevu.Synoptics.V2150_Planeta", "Prevu.Synoptics.V2150_Planeta\Prevu.Synoptics.V2150_Planeta.csproj", "{824300A1-C98E-4F1C-B86F-C17EAFC78666}"
EndProject
Project("{9A19103F-16F7-4668-BE54-9A1E7A4F7556}") = "Prevu.Synoptics.V3255-Q41_Mazzuchelli", "Prevu.Synoptics.V3255_Mazzuchelli\Prevu.Synoptics.V3255-Q41_Mazzuchelli.csproj", "{834F9794-7279-480D-BCCA-B17EAF95C688}"
EndProject
Project("{9A19103F-16F7-4668-BE54-9A1E7A4F7556}") = "Prevu.Synoptics.V3255-Q42_Mazzuchelli", "Prevu.Synoptics.V3255-2_Mazzuchelli\Prevu.Synoptics.V3255-Q42_Mazzuchelli.csproj", "{CDAA5850-88B0-42CF-AA1B-81D0B3954059}"
EndProject
Project("{9A19103F-16F7-4668-BE54-9A1E7A4F7556}") = "Prevu.Synoptics.V3870-Center_Gomma", "Prevu.Synoptics.V3870-Center_Gomma\Prevu.Synoptics.V3870-Center_Gomma.csproj", "{091A00AB-78C0-4869-ADA1-401FB54FC5F4}"
EndProject
Project("{9A19103F-16F7-4668-BE54-9A1E7A4F7556}") = "Prevu.Synoptics.V4088-Polimero", "Prevu.Synoptics.V4088-Polimero\Prevu.Synoptics.V4088-Polimero.csproj", "{F66BA61A-E3F3-469B-9FAF-7D24C4AD1544}"
EndProject
Project("{9A19103F-16F7-4668-BE54-9A1E7A4F7556}") = "Prevu.Synoptics.V2911_Flex", "Prevu.Synoptics.V2911_Flex\Prevu.Synoptics.V2911_Flex.csproj", "{D160A3AE-E925-4903-8C54-746395082320}"
EndProject
Project("{9A19103F-16F7-4668-BE54-9A1E7A4F7556}") = "Prevu.Synoptics.V2868-Termoplasticos", "Prevu.Synoptics.V2868-Termoplasticos\Prevu.Synoptics.V2868-Termoplasticos.csproj", "{0717B91E-755F-4D62-8A9D-40EA0F180118}"
EndProject
Project("{9A19103F-16F7-4668-BE54-9A1E7A4F7556}") = "Prevu.Synoptics.V3738-Mastek", "Prevu.Synoptics.V3738-Mastek\Prevu.Synoptics.V3738-Mastek.csproj", "{7738974E-1B7A-4797-99EA-7FEC181D13B8}"
EndProject
Project("{9A19103F-16F7-4668-BE54-9A1E7A4F7556}") = "Prevu.Details", "Prevu.Details\Prevu.Details.csproj", "{6A1B9BA3-890F-4362-BCEB-80AF78777324}"
EndProject
Project("{9A19103F-16F7-4668-BE54-9A1E7A4F7556}") = "Prevu.Synoptics.V4228-RES", "Prevu.Synoptics.V4228-RES\Prevu.Synoptics.V4228-RES.csproj", "{920C3668-60F4-4BEC-B48F-8CCC8E6E0A76}"
EndProject
Project("{9A19103F-16F7-4668-BE54-9A1E7A4F7556}") = "Prevu.Synoptics.V4309_AlplaSudAfrica", "Prevu.Synoptics.V4309_AlplaSudAfrica\Prevu.Synoptics.V4309_AlplaSudAfrica.csproj", "{B8CFF0D5-1903-44BA-A82E-C8865EB9DE33}"
EndProject
Project("{9A19103F-16F7-4668-BE54-9A1E7A4F7556}") = "Prevu.Synoptics.V4035_EcoGreen", "Prevu.Synoptics.V4035_EcoGreen\Prevu.Synoptics.V4035_EcoGreen.csproj", "{1D816B4D-0D55-4582-817F-C50224B4DD8F}"
EndProject
Project("{9A19103F-16F7-4668-BE54-9A1E7A4F7556}") = "Prevu.Synoptics.V3960_CristalPet", "Prevu.Synoptics.V3960_CristalPet\Prevu.Synoptics.V3960_CristalPet.csproj", "{7B027A9F-12F6-429C-86EC-E391328D3859}"
EndProject
Project("{9A19103F-16F7-4668-BE54-9A1E7A4F7556}") = "Prevu.Synoptics.V3923_Evanses", "Prevu.Synoptics.V3923_Evanses\Prevu.Synoptics.V3923_Evanses.csproj", "{F88419FD-2DB3-4A6C-8F18-FE382C394660}"
EndProject
Project("{9A19103F-16F7-4668-BE54-9A1E7A4F7556}") = "Prevu.Synoptics.V4659_Steinbais", "Prevu.Synoptics.V4659_Steinbais\Prevu.Synoptics.V4659_Steinbais.csproj", "{409DE956-70BF-4107-8557-130AB7C92383}"
EndProject
Project("{FAE04EC0-301F-11D3-BF4B-00C04F79EFBC}") = "Prevu.Synoptics.V4896_CPR", "Prevu.Synoptics.V4896_CPR\Prevu.Synoptics.V4896_CPR.csproj", "{A32B7677-91DF-4263-AFC4-4E47CB0147F9}"
EndProject
Global
	GlobalSection(SolutionConfigurationPlatforms) = preSolution
		Debug|Any CPU = Debug|Any CPU
		Release|Any CPU = Release|Any CPU
	EndGlobalSection
	GlobalSection(ProjectConfigurationPlatforms) = postSolution
		{CE607BEA-F7B1-4EB0-9328-D334FBAFF691}.Debug|Any CPU.ActiveCfg = Debug|Any CPU
		{CE607BEA-F7B1-4EB0-9328-D334FBAFF691}.Debug|Any CPU.Build.0 = Debug|Any CPU
		{CE607BEA-F7B1-4EB0-9328-D334FBAFF691}.Release|Any CPU.ActiveCfg = Release|Any CPU
		{CE607BEA-F7B1-4EB0-9328-D334FBAFF691}.Release|Any CPU.Build.0 = Release|Any CPU
		{2997B5EF-3104-4F07-BC50-88713C921D50}.Debug|Any CPU.ActiveCfg = Debug|Any CPU
		{2997B5EF-3104-4F07-BC50-88713C921D50}.Debug|Any CPU.Build.0 = Debug|Any CPU
		{2997B5EF-3104-4F07-BC50-88713C921D50}.Release|Any CPU.ActiveCfg = Release|Any CPU
		{2997B5EF-3104-4F07-BC50-88713C921D50}.Release|Any CPU.Build.0 = Release|Any CPU
		{CF0E14EF-F4C7-4931-9C95-39884D0C4DB8}.Debug|Any CPU.ActiveCfg = Debug|Any CPU
		{CF0E14EF-F4C7-4931-9C95-39884D0C4DB8}.Debug|Any CPU.Build.0 = Debug|Any CPU
		{CF0E14EF-F4C7-4931-9C95-39884D0C4DB8}.Release|Any CPU.ActiveCfg = Release|Any CPU
		{CF0E14EF-F4C7-4931-9C95-39884D0C4DB8}.Release|Any CPU.Build.0 = Release|Any CPU
		{834B1FDB-28F8-4766-BA65-D082F9CDA6DD}.Debug|Any CPU.ActiveCfg = Debug|Any CPU
		{834B1FDB-28F8-4766-BA65-D082F9CDA6DD}.Debug|Any CPU.Build.0 = Debug|Any CPU
		{834B1FDB-28F8-4766-BA65-D082F9CDA6DD}.Release|Any CPU.ActiveCfg = Release|Any CPU
		{834B1FDB-28F8-4766-BA65-D082F9CDA6DD}.Release|Any CPU.Build.0 = Release|Any CPU
		{1919418F-8835-4823-BE06-8BFA1D9ADD19}.Debug|Any CPU.ActiveCfg = Debug|Any CPU
		{1919418F-8835-4823-BE06-8BFA1D9ADD19}.Debug|Any CPU.Build.0 = Debug|Any CPU
		{1919418F-8835-4823-BE06-8BFA1D9ADD19}.Release|Any CPU.ActiveCfg = Release|Any CPU
		{1919418F-8835-4823-BE06-8BFA1D9ADD19}.Release|Any CPU.Build.0 = Release|Any CPU
		{50A5CC5E-4B3D-4A81-9C5D-85F4E89AACBE}.Debug|Any CPU.ActiveCfg = Debug|Any CPU
		{50A5CC5E-4B3D-4A81-9C5D-85F4E89AACBE}.Debug|Any CPU.Build.0 = Debug|Any CPU
		{50A5CC5E-4B3D-4A81-9C5D-85F4E89AACBE}.Release|Any CPU.ActiveCfg = Release|Any CPU
		{50A5CC5E-4B3D-4A81-9C5D-85F4E89AACBE}.Release|Any CPU.Build.0 = Release|Any CPU
		{7484D60B-FA83-4318-828A-0630D04B09C6}.Debug|Any CPU.ActiveCfg = Debug|Any CPU
		{7484D60B-FA83-4318-828A-0630D04B09C6}.Debug|Any CPU.Build.0 = Debug|Any CPU
		{7484D60B-FA83-4318-828A-0630D04B09C6}.Release|Any CPU.ActiveCfg = Release|Any CPU
		{7484D60B-FA83-4318-828A-0630D04B09C6}.Release|Any CPU.Build.0 = Release|Any CPU
		{774620E1-BFD7-4155-9943-149FCB0C9B8E}.Debug|Any CPU.ActiveCfg = Debug|Any CPU
		{774620E1-BFD7-4155-9943-149FCB0C9B8E}.Debug|Any CPU.Build.0 = Debug|Any CPU
		{774620E1-BFD7-4155-9943-149FCB0C9B8E}.Release|Any CPU.ActiveCfg = Release|Any CPU
		{774620E1-BFD7-4155-9943-149FCB0C9B8E}.Release|Any CPU.Build.0 = Release|Any CPU
		{47BC6000-D2BC-4C7D-A94F-ECFA2B134FA6}.Debug|Any CPU.ActiveCfg = Debug|Any CPU
		{47BC6000-D2BC-4C7D-A94F-ECFA2B134FA6}.Debug|Any CPU.Build.0 = Debug|Any CPU
		{47BC6000-D2BC-4C7D-A94F-ECFA2B134FA6}.Release|Any CPU.ActiveCfg = Release|Any CPU
		{47BC6000-D2BC-4C7D-A94F-ECFA2B134FA6}.Release|Any CPU.Build.0 = Release|Any CPU
		{B6946074-B1E2-451E-8358-E53137086E92}.Debug|Any CPU.ActiveCfg = Debug|Any CPU
		{B6946074-B1E2-451E-8358-E53137086E92}.Debug|Any CPU.Build.0 = Debug|Any CPU
		{B6946074-B1E2-451E-8358-E53137086E92}.Release|Any CPU.ActiveCfg = Release|Any CPU
		{B6946074-B1E2-451E-8358-E53137086E92}.Release|Any CPU.Build.0 = Release|Any CPU
		{D559562B-5608-4B90-86F8-4E4142F1B02D}.Debug|Any CPU.ActiveCfg = Debug|Any CPU
		{D559562B-5608-4B90-86F8-4E4142F1B02D}.Debug|Any CPU.Build.0 = Debug|Any CPU
		{D559562B-5608-4B90-86F8-4E4142F1B02D}.Release|Any CPU.ActiveCfg = Release|Any CPU
		{D559562B-5608-4B90-86F8-4E4142F1B02D}.Release|Any CPU.Build.0 = Release|Any CPU
		{64C6E1CB-2D82-42D1-9858-C902C125DAE5}.Debug|Any CPU.ActiveCfg = Debug|Any CPU
		{64C6E1CB-2D82-42D1-9858-C902C125DAE5}.Debug|Any CPU.Build.0 = Debug|Any CPU
		{64C6E1CB-2D82-42D1-9858-C902C125DAE5}.Release|Any CPU.ActiveCfg = Release|Any CPU
		{64C6E1CB-2D82-42D1-9858-C902C125DAE5}.Release|Any CPU.Build.0 = Release|Any CPU
		{6D3CAB95-4300-4E21-A69E-7AE100FBE75C}.Debug|Any CPU.ActiveCfg = Debug|Any CPU
		{6D3CAB95-4300-4E21-A69E-7AE100FBE75C}.Debug|Any CPU.Build.0 = Debug|Any CPU
		{6D3CAB95-4300-4E21-A69E-7AE100FBE75C}.Release|Any CPU.ActiveCfg = Release|Any CPU
		{6D3CAB95-4300-4E21-A69E-7AE100FBE75C}.Release|Any CPU.Build.0 = Release|Any CPU
		{2A892970-6823-499E-8C4D-A638AA4BC97E}.Debug|Any CPU.ActiveCfg = Debug|Any CPU
		{2A892970-6823-499E-8C4D-A638AA4BC97E}.Debug|Any CPU.Build.0 = Debug|Any CPU
		{2A892970-6823-499E-8C4D-A638AA4BC97E}.Release|Any CPU.ActiveCfg = Release|Any CPU
		{2A892970-6823-499E-8C4D-A638AA4BC97E}.Release|Any CPU.Build.0 = Release|Any CPU
		{824300A1-C98E-4F1C-B86F-C17EAFC78666}.Debug|Any CPU.ActiveCfg = Debug|Any CPU
		{824300A1-C98E-4F1C-B86F-C17EAFC78666}.Debug|Any CPU.Build.0 = Debug|Any CPU
		{824300A1-C98E-4F1C-B86F-C17EAFC78666}.Release|Any CPU.ActiveCfg = Release|Any CPU
		{824300A1-C98E-4F1C-B86F-C17EAFC78666}.Release|Any CPU.Build.0 = Release|Any CPU
		{834F9794-7279-480D-BCCA-B17EAF95C688}.Debug|Any CPU.ActiveCfg = Debug|Any CPU
		{834F9794-7279-480D-BCCA-B17EAF95C688}.Debug|Any CPU.Build.0 = Debug|Any CPU
		{834F9794-7279-480D-BCCA-B17EAF95C688}.Release|Any CPU.ActiveCfg = Release|Any CPU
		{834F9794-7279-480D-BCCA-B17EAF95C688}.Release|Any CPU.Build.0 = Release|Any CPU
		{CDAA5850-88B0-42CF-AA1B-81D0B3954059}.Debug|Any CPU.ActiveCfg = Debug|Any CPU
		{CDAA5850-88B0-42CF-AA1B-81D0B3954059}.Debug|Any CPU.Build.0 = Debug|Any CPU
		{CDAA5850-88B0-42CF-AA1B-81D0B3954059}.Release|Any CPU.ActiveCfg = Release|Any CPU
		{CDAA5850-88B0-42CF-AA1B-81D0B3954059}.Release|Any CPU.Build.0 = Release|Any CPU
		{091A00AB-78C0-4869-ADA1-401FB54FC5F4}.Debug|Any CPU.ActiveCfg = Debug|Any CPU
		{091A00AB-78C0-4869-ADA1-401FB54FC5F4}.Debug|Any CPU.Build.0 = Debug|Any CPU
		{091A00AB-78C0-4869-ADA1-401FB54FC5F4}.Release|Any CPU.ActiveCfg = Release|Any CPU
		{091A00AB-78C0-4869-ADA1-401FB54FC5F4}.Release|Any CPU.Build.0 = Release|Any CPU
		{F66BA61A-E3F3-469B-9FAF-7D24C4AD1544}.Debug|Any CPU.ActiveCfg = Debug|Any CPU
		{F66BA61A-E3F3-469B-9FAF-7D24C4AD1544}.Debug|Any CPU.Build.0 = Debug|Any CPU
		{F66BA61A-E3F3-469B-9FAF-7D24C4AD1544}.Release|Any CPU.ActiveCfg = Release|Any CPU
		{F66BA61A-E3F3-469B-9FAF-7D24C4AD1544}.Release|Any CPU.Build.0 = Release|Any CPU
		{D160A3AE-E925-4903-8C54-746395082320}.Debug|Any CPU.ActiveCfg = Debug|Any CPU
		{D160A3AE-E925-4903-8C54-746395082320}.Debug|Any CPU.Build.0 = Debug|Any CPU
		{D160A3AE-E925-4903-8C54-746395082320}.Release|Any CPU.ActiveCfg = Release|Any CPU
		{D160A3AE-E925-4903-8C54-746395082320}.Release|Any CPU.Build.0 = Release|Any CPU
		{0717B91E-755F-4D62-8A9D-40EA0F180118}.Debug|Any CPU.ActiveCfg = Debug|Any CPU
		{0717B91E-755F-4D62-8A9D-40EA0F180118}.Debug|Any CPU.Build.0 = Debug|Any CPU
		{0717B91E-755F-4D62-8A9D-40EA0F180118}.Release|Any CPU.ActiveCfg = Release|Any CPU
		{0717B91E-755F-4D62-8A9D-40EA0F180118}.Release|Any CPU.Build.0 = Release|Any CPU
		{7738974E-1B7A-4797-99EA-7FEC181D13B8}.Debug|Any CPU.ActiveCfg = Debug|Any CPU
		{7738974E-1B7A-4797-99EA-7FEC181D13B8}.Debug|Any CPU.Build.0 = Debug|Any CPU
		{7738974E-1B7A-4797-99EA-7FEC181D13B8}.Release|Any CPU.ActiveCfg = Release|Any CPU
		{7738974E-1B7A-4797-99EA-7FEC181D13B8}.Release|Any CPU.Build.0 = Release|Any CPU
		{6A1B9BA3-890F-4362-BCEB-80AF78777324}.Debug|Any CPU.ActiveCfg = Debug|Any CPU
		{6A1B9BA3-890F-4362-BCEB-80AF78777324}.Debug|Any CPU.Build.0 = Debug|Any CPU
		{6A1B9BA3-890F-4362-BCEB-80AF78777324}.Release|Any CPU.ActiveCfg = Release|Any CPU
		{6A1B9BA3-890F-4362-BCEB-80AF78777324}.Release|Any CPU.Build.0 = Release|Any CPU
		{920C3668-60F4-4BEC-B48F-8CCC8E6E0A76}.Debug|Any CPU.ActiveCfg = Debug|Any CPU
		{920C3668-60F4-4BEC-B48F-8CCC8E6E0A76}.Debug|Any CPU.Build.0 = Debug|Any CPU
		{920C3668-60F4-4BEC-B48F-8CCC8E6E0A76}.Release|Any CPU.ActiveCfg = Release|Any CPU
		{920C3668-60F4-4BEC-B48F-8CCC8E6E0A76}.Release|Any CPU.Build.0 = Release|Any CPU
		{B8CFF0D5-1903-44BA-A82E-C8865EB9DE33}.Debug|Any CPU.ActiveCfg = Debug|Any CPU
		{B8CFF0D5-1903-44BA-A82E-C8865EB9DE33}.Debug|Any CPU.Build.0 = Debug|Any CPU
		{B8CFF0D5-1903-44BA-A82E-C8865EB9DE33}.Release|Any CPU.ActiveCfg = Release|Any CPU
		{B8CFF0D5-1903-44BA-A82E-C8865EB9DE33}.Release|Any CPU.Build.0 = Release|Any CPU
		{1D816B4D-0D55-4582-817F-C50224B4DD8F}.Debug|Any CPU.ActiveCfg = Debug|Any CPU
		{1D816B4D-0D55-4582-817F-C50224B4DD8F}.Debug|Any CPU.Build.0 = Debug|Any CPU
		{1D816B4D-0D55-4582-817F-C50224B4DD8F}.Release|Any CPU.ActiveCfg = Release|Any CPU
		{1D816B4D-0D55-4582-817F-C50224B4DD8F}.Release|Any CPU.Build.0 = Release|Any CPU
		{7B027A9F-12F6-429C-86EC-E391328D3859}.Debug|Any CPU.ActiveCfg = Debug|Any CPU
		{7B027A9F-12F6-429C-86EC-E391328D3859}.Debug|Any CPU.Build.0 = Debug|Any CPU
		{7B027A9F-12F6-429C-86EC-E391328D3859}.Release|Any CPU.ActiveCfg = Release|Any CPU
		{7B027A9F-12F6-429C-86EC-E391328D3859}.Release|Any CPU.Build.0 = Release|Any CPU
		{F88419FD-2DB3-4A6C-8F18-FE382C394660}.Debug|Any CPU.ActiveCfg = Debug|Any CPU
		{F88419FD-2DB3-4A6C-8F18-FE382C394660}.Debug|Any CPU.Build.0 = Debug|Any CPU
		{F88419FD-2DB3-4A6C-8F18-FE382C394660}.Release|Any CPU.ActiveCfg = Release|Any CPU
		{F88419FD-2DB3-4A6C-8F18-FE382C394660}.Release|Any CPU.Build.0 = Release|Any CPU
		{409DE956-70BF-4107-8557-130AB7C92383}.Debug|Any CPU.ActiveCfg = Debug|Any CPU
		{409DE956-70BF-4107-8557-130AB7C92383}.Debug|Any CPU.Build.0 = Debug|Any CPU
		{409DE956-70BF-4107-8557-130AB7C92383}.Release|Any CPU.ActiveCfg = Release|Any CPU
		{409DE956-70BF-4107-8557-130AB7C92383}.Release|Any CPU.Build.0 = Release|Any CPU
		{A32B7677-91DF-4263-AFC4-4E47CB0147F9}.Debug|Any CPU.ActiveCfg = Debug|Any CPU
		{A32B7677-91DF-4263-AFC4-4E47CB0147F9}.Debug|Any CPU.Build.0 = Debug|Any CPU
		{A32B7677-91DF-4263-AFC4-4E47CB0147F9}.Release|Any CPU.ActiveCfg = Release|Any CPU
		{A32B7677-91DF-4263-AFC4-4E47CB0147F9}.Release|Any CPU.Build.0 = Release|Any CPU
	EndGlobalSection
	GlobalSection(SolutionProperties) = preSolution
		HideSolutionNode = FALSE
	EndGlobalSection
	GlobalSection(NestedProjects) = preSolution
		{2997B5EF-3104-4F07-BC50-88713C921D50} = {62D73F27-D0E0-4918-B516-B382451574E6}
		{CF0E14EF-F4C7-4931-9C95-39884D0C4DB8} = {62D73F27-D0E0-4918-B516-B382451574E6}
		{834B1FDB-28F8-4766-BA65-D082F9CDA6DD} = {D7EF89DA-BE78-4E42-AC10-3CB4ABF7C5A5}
		{1919418F-8835-4823-BE06-8BFA1D9ADD19} = {D7EF89DA-BE78-4E42-AC10-3CB4ABF7C5A5}
		{50A5CC5E-4B3D-4A81-9C5D-85F4E89AACBE} = {D7EF89DA-BE78-4E42-AC10-3CB4ABF7C5A5}
		{7484D60B-FA83-4318-828A-0630D04B09C6} = {D7EF89DA-BE78-4E42-AC10-3CB4ABF7C5A5}
		{774620E1-BFD7-4155-9943-149FCB0C9B8E} = {D7EF89DA-BE78-4E42-AC10-3CB4ABF7C5A5}
		{47BC6000-D2BC-4C7D-A94F-ECFA2B134FA6} = {D7EF89DA-BE78-4E42-AC10-3CB4ABF7C5A5}
		{B6946074-B1E2-451E-8358-E53137086E92} = {D7EF89DA-BE78-4E42-AC10-3CB4ABF7C5A5}
		{D559562B-5608-4B90-86F8-4E4142F1B02D} = {D7EF89DA-BE78-4E42-AC10-3CB4ABF7C5A5}
		{64C6E1CB-2D82-42D1-9858-C902C125DAE5} = {D7EF89DA-BE78-4E42-AC10-3CB4ABF7C5A5}
		{6D3CAB95-4300-4E21-A69E-7AE100FBE75C} = {D7EF89DA-BE78-4E42-AC10-3CB4ABF7C5A5}
		{2A892970-6823-499E-8C4D-A638AA4BC97E} = {D7EF89DA-BE78-4E42-AC10-3CB4ABF7C5A5}
		{824300A1-C98E-4F1C-B86F-C17EAFC78666} = {D7EF89DA-BE78-4E42-AC10-3CB4ABF7C5A5}
		{834F9794-7279-480D-BCCA-B17EAF95C688} = {D7EF89DA-BE78-4E42-AC10-3CB4ABF7C5A5}
		{CDAA5850-88B0-42CF-AA1B-81D0B3954059} = {D7EF89DA-BE78-4E42-AC10-3CB4ABF7C5A5}
		{091A00AB-78C0-4869-ADA1-401FB54FC5F4} = {D7EF89DA-BE78-4E42-AC10-3CB4ABF7C5A5}
		{F66BA61A-E3F3-469B-9FAF-7D24C4AD1544} = {D7EF89DA-BE78-4E42-AC10-3CB4ABF7C5A5}
		{D160A3AE-E925-4903-8C54-746395082320} = {D7EF89DA-BE78-4E42-AC10-3CB4ABF7C5A5}
		{0717B91E-755F-4D62-8A9D-40EA0F180118} = {D7EF89DA-BE78-4E42-AC10-3CB4ABF7C5A5}
		{7738974E-1B7A-4797-99EA-7FEC181D13B8} = {D7EF89DA-BE78-4E42-AC10-3CB4ABF7C5A5}
		{6A1B9BA3-890F-4362-BCEB-80AF78777324} = {62D73F27-D0E0-4918-B516-B382451574E6}
		{920C3668-60F4-4BEC-B48F-8CCC8E6E0A76} = {D7EF89DA-BE78-4E42-AC10-3CB4ABF7C5A5}
		{B8CFF0D5-1903-44BA-A82E-C8865EB9DE33} = {D7EF89DA-BE78-4E42-AC10-3CB4ABF7C5A5}
		{1D816B4D-0D55-4582-817F-C50224B4DD8F} = {D7EF89DA-BE78-4E42-AC10-3CB4ABF7C5A5}
		{7B027A9F-12F6-429C-86EC-E391328D3859} = {D7EF89DA-BE78-4E42-AC10-3CB4ABF7C5A5}
		{F88419FD-2DB3-4A6C-8F18-FE382C394660} = {D7EF89DA-BE78-4E42-AC10-3CB4ABF7C5A5}
		{409DE956-70BF-4107-8557-130AB7C92383} = {D7EF89DA-BE78-4E42-AC10-3CB4ABF7C5A5}
		{A32B7677-91DF-4263-AFC4-4E47CB0147F9} = {D7EF89DA-BE78-4E42-AC10-3CB4ABF7C5A5}
	EndGlobalSection
	GlobalSection(ExtensibilityGlobals) = postSolution
		SolutionGuid = {68EB80EC-F1C1-4976-BAC5-F890A2E90904}
	EndGlobalSection
EndGlobal
